{
  "name": "d3-demo",
  "version": "1.0.0",
  "lockfileVersion": 1,
  "requires": true,
  "dependencies": {
    "commander": {
      "version": "2.16.0",
      "resolved": "http://registry.npm.taobao.org/commander/download/commander-2.16.0.tgz",
      "integrity": "sha1-8WOQWTmWzrTz7rAgsx14Uo9/ilA="
    },
    "d3": {
      "version": "5.5.0",
      "resolved": "http://registry.npm.taobao.org/d3/download/d3-5.5.0.tgz",
      "integrity": "sha1-lIQTuRuYimWX8+TD6UHTtTC/7mM=",
      "requires": {
        "d3-array": "1",
        "d3-axis": "1",
        "d3-brush": "1",
        "d3-chord": "1",
        "d3-collection": "1",
        "d3-color": "1",
        "d3-contour": "1",
        "d3-dispatch": "1",
        "d3-drag": "1",
        "d3-dsv": "1",
        "d3-ease": "1",
        "d3-fetch": "1",
        "d3-force": "1",
        "d3-format": "1",
        "d3-geo": "1",
        "d3-hierarchy": "1",
        "d3-interpolate": "1",
        "d3-path": "1",
        "d3-polygon": "1",
        "d3-quadtree": "1",
        "d3-random": "1",
        "d3-scale": "2",
        "d3-scale-chromatic": "1",
        "d3-selection": "1",
        "d3-shape": "1",
        "d3-time": "1",
        "d3-time-format": "2",
        "d3-timer": "1",
        "d3-transition": "1",
        "d3-voronoi": "1",
        "d3-zoom": "1"
      }
    },
    "d3-array": {
      "version": "1.2.1",
      "resolved": "http://registry.npm.taobao.org/d3-array/download/d3-array-1.2.1.tgz",
      "integrity": "sha1-0coz3i9qwx76244FCgIdfiOW1dw="
    },
    "d3-axis": {
      "version": "1.0.8",
      "resolved": "http://registry.npm.taobao.org/d3-axis/download/d3-axis-1.0.8.tgz",
      "integrity": "sha1-MacFoLU15ldZ3hQXOjGTMTfxjvo="
    },
    "d3-brush": {
      "version": "1.0.4",
      "resolved": "http://registry.npm.taobao.org/d3-brush/download/d3-brush-1.0.4.tgz",
      "integrity": "sha1-AMLyOAGfJPbAoZSibUGhUw/+e8Q=",
      "requires": {
        "d3-dispatch": "1",
        "d3-drag": "1",
        "d3-interpolate": "1",
        "d3-selection": "1",
        "d3-transition": "1"
      }
    },
    "d3-chord": {
      "version": "1.0.4",
      "resolved": "http://registry.npm.taobao.org/d3-chord/download/d3-chord-1.0.4.tgz",
      "integrity": "sha1-fexPC6iG9xP+ERxF92NBT290yiw=",
      "requires": {
        "d3-array": "1",
        "d3-path": "1"
      }
    },
    "d3-collection": {
      "version": "1.0.4",
      "resolved": "http://registry.npm.taobao.org/d3-collection/download/d3-collection-1.0.4.tgz",
      "integrity": "sha1-NC39EoN8kJdPM/HMCnha6lcNzcI="
    },
    "d3-color": {
      "version": "1.2.0",
      "resolved": "http://registry.npm.taobao.org/d3-color/download/d3-color-1.2.0.tgz",
      "integrity": "sha1-0eoZ21hZyGhUWGJ27Iks+TFIRZo="
    },
    "d3-contour": {
      "version": "1.3.0",
      "resolved": "http://registry.npm.taobao.org/d3-contour/download/d3-contour-1.3.0.tgz",
      "integrity": "sha1-z7mQmMSMRu3XfhXOEjFi+eMz6EY=",
      "requires": {
        "d3-array": "^1.1.1"
      }
    },
    "d3-dispatch": {
      "version": "1.0.3",
      "resolved": "http://registry.npm.taobao.org/d3-dispatch/download/d3-dispatch-1.0.3.tgz",
      "integrity": "sha1-RuFJHqqbWMNY/OW+TovtYm54cfg="
    },
    "d3-drag": {
      "version": "1.2.1",
      "resolved": "http://registry.npm.taobao.org/d3-drag/download/d3-drag-1.2.1.tgz",
      "integrity": "sha1-343UxQL7SQ/HRiBGqK2YpcR5KC0=",
      "requires": {
        "d3-dispatch": "1",
        "d3-selection": "1"
      }
    },
    "d3-dsv": {
      "version": "1.0.8",
      "resolved": "http://registry.npm.taobao.org/d3-dsv/download/d3-dsv-1.0.8.tgz",
      "integrity": "sha1-kH4kDVezhmGNxWRous/na/GXZK4=",
      "requires": {
        "commander": "2",
        "iconv-lite": "0.4",
        "rw": "1"
      }
    },
    "d3-ease": {
      "version": "1.0.3",
      "resolved": "http://registry.npm.taobao.org/d3-ease/download/d3-ease-1.0.3.tgz",
      "integrity": "sha1-aL+8NJM4o4DETYrMT7wzBKotjA4="
    },
    "d3-fetch": {
      "version": "1.1.0",
      "resolved": "http://registry.npm.taobao.org/d3-fetch/download/d3-fetch-1.1.0.tgz",
      "integrity": "sha1-McvNUGsh1lGaxqEgoHnejQpXwA8=",
      "requires": {
        "d3-dsv": "1"
      }
    },
    "d3-force": {
      "version": "1.1.0",
      "resolved": "http://registry.npm.taobao.org/d3-force/download/d3-force-1.1.0.tgz",
      "integrity": "sha1-zr88aU8QePzD1Nr45Wey+9cNTqM=",
      "requires": {
        "d3-collection": "1",
        "d3-dispatch": "1",
        "d3-quadtree": "1",
        "d3-timer": "1"
      }
    },
    "d3-format": {
      "version": "1.3.0",
      "resolved": "http://registry.npm.taobao.org/d3-format/download/d3-format-1.3.0.tgz",
      "integrity": "sha1-o6xEJpogEc24fHtWkwQMGM3f/xE="
    },
    "d3-geo": {
      "version": "1.10.0",
      "resolved": "http://registry.npm.taobao.org/d3-geo/download/d3-geo-1.10.0.tgz",
      "integrity": "sha1-KXLRgBTx44/B+LttVFN3vfsAyas=",
      "requires": {
        "d3-array": "1"
      }
    },
    "d3-hierarchy": {
      "version": "1.1.6",
      "resolved": "http://registry.npm.taobao.org/d3-hierarchy/download/d3-hierarchy-1.1.6.tgz",
      "integrity": "sha1-hCwTcgkPhwt+oBPrrlwMjZ9WIpw="
    },
    "d3-interpolate": {
      "version": "1.2.0",
      "resolved": "http://registry.npm.taobao.org/d3-interpolate/download/d3-interpolate-1.2.0.tgz",
      "integrity": "sha1-QNgb2OlZ/wIcXqdUW8ebjSIzHEE=",
      "requires": {
        "d3-color": "1"
      }
    },
    "d3-path": {
      "version": "1.0.5",
      "resolved": "http://registry.npm.taobao.org/d3-path/download/d3-path-1.0.5.tgz",
      "integrity": "sha1-JB6xhJvZ6egCHA0KeZ+KDo5EF2Q="
    },
    "d3-polygon": {
      "version": "1.0.3",
      "resolved": "http://registry.npm.taobao.org/d3-polygon/download/d3-polygon-1.0.3.tgz",
      "integrity": "sha1-FoiOkCZGCTPysXllKtN4Ik04LGI="
    },
    "d3-quadtree": {
      "version": "1.0.3",
      "resolved": "http://registry.npm.taobao.org/d3-quadtree/download/d3-quadtree-1.0.3.tgz",
      "integrity": "sha1-rHmH4+I/6AWpkPKOG1DTj8uCJDg="
    },
    "d3-random": {
      "version": "1.1.0",
      "resolved": "http://registry.npm.taobao.org/d3-random/download/d3-random-1.1.0.tgz",
      "integrity": "sha1-ZkLlBsb6OmSFldKyRpeIqNElKdM="
    },
    "d3-scale": {
      "version": "2.1.0",
      "resolved": "http://registry.npm.taobao.org/d3-scale/download/d3-scale-2.1.0.tgz",
      "integrity": "sha1-jT/T4qfJCAeCpSPAhQfFJIKJ7vg=",
      "requires": {
        "d3-array": "^1.2.0",
        "d3-collection": "1",
        "d3-format": "1",
        "d3-interpolate": "1",
        "d3-time": "1",
        "d3-time-format": "2"
      }
    },
    "d3-scale-chromatic": {
      "version": "1.3.0",
      "resolved": "http://registry.npm.taobao.org/d3-scale-chromatic/download/d3-scale-chromatic-1.3.0.tgz",
      "integrity": "sha1-fuOP/Kp61Vz+2DpqZoqsVXDGU8Q=",
      "requires": {
        "d3-color": "1",
        "d3-interpolate": "1"
      }
    },
    "d3-selection": {
      "version": "1.3.0",
      "resolved": "http://registry.npm.taobao.org/d3-selection/download/d3-selection-1.3.0.tgz",
      "integrity": "sha1-1TdyOC09xPdQe/sovNLWrtKgrW0="
    },
    "d3-shape": {
      "version": "1.2.0",
      "resolved": "http://registry.npm.taobao.org/d3-shape/download/d3-shape-1.2.0.tgz",
      "integrity": "sha1-RdAVOPBkuv0F6j1tLLdI/YxB93c=",
      "requires": {
        "d3-path": "1"
      }
    },
    "d3-time": {
      "version": "1.0.8",
      "resolved": "http://registry.npm.taobao.org/d3-time/download/d3-time-1.0.8.tgz",
      "integrity": "sha1-29LWAHv0Fv5np20XlHt4S//qHoQ="
    },
    "d3-time-format": {
      "version": "2.1.1",
      "resolved": "http://registry.npm.taobao.org/d3-time-format/download/d3-time-format-2.1.1.tgz",
      "integrity": "sha1-hbfN+8n/yhh/FNPEVv/aJoCBuzE=",
      "requires": {
        "d3-time": "1"
      }
    },
    "d3-timer": {
      "version": "1.0.7",
      "resolved": "http://registry.npm.taobao.org/d3-timer/download/d3-timer-1.0.7.tgz",
      "integrity": "sha1-35ZQylh/bJZgf/TmDMOCKejdhTE="
    },
    "d3-transition": {
      "version": "1.1.1",
      "resolved": "http://registry.npm.taobao.org/d3-transition/download/d3-transition-1.1.1.tgz",
      "integrity": "sha1-2O+Jw7hIc1sGDlSjmzKq66pCEDk=",
      "requires": {
        "d3-color": "1",
        "d3-dispatch": "1",
        "d3-ease": "1",
        "d3-interpolate": "1",
        "d3-selection": "^1.1.0",
        "d3-timer": "1"
      }
    },
    "d3-voronoi": {
      "version": "1.1.2",
      "resolved": "http://registry.npm.taobao.org/d3-voronoi/download/d3-voronoi-1.1.2.tgz",
      "integrity": "sha1-Fodmfo8TotFYyAwUgMWinLDYlzw="
    },
    "d3-zoom": {
      "version": "1.7.1",
      "resolved": "http://registry.npm.taobao.org/d3-zoom/download/d3-zoom-1.7.1.tgz",
      "integrity": "sha1-AvQ7PD4ttU82RYLX5KI2zMVQa2M=",
      "requires": {
        "d3-dispatch": "1",
        "d3-drag": "1",
        "d3-interpolate": "1",
        "d3-selection": "1",
        "d3-transition": "1"
      }
    },
    "iconv-lite": {
      "version": "0.4.23",
      "resolved": "http://registry.npm.taobao.org/iconv-lite/download/iconv-lite-0.4.23.tgz",
      "integrity": "sha1-KXhx9jvlB63Pv8pxXQzQ7thOmmM=",
      "requires": {
        "safer-buffer": ">= 2.1.2 < 3"
      }
    },
    "rw": {
      "version": "1.3.3",
      "resolved": "http://registry.npm.taobao.org/rw/download/rw-1.3.3.tgz",
      "integrity": "sha1-P4Yt+pGrdmsUiF700BEkv9oHT7Q="
    },
    "safer-buffer": {
      "version": "2.1.2",
      "resolved": "http://registry.npm.taobao.org/safer-buffer/download/safer-buffer-2.1.2.tgz",
      "integrity": "sha1-RPoWGwGHuVSd2Eu5GAL5vYOFzWo="
    }
  }
}
